
Microsoft Visual Studio Solution File, Format Version 12.00
# Visual Studio Version 16
VisualStudioVersion = 16.0.31105.61
MinimumVisualStudioVersion = 10.0.40219.1
Project("{9A19103F-16F7-4668-BE54-9A1E7A4F7556}") = "Api.Web", "Api.Web\Api.Web.csproj", "{44398EB7-22F3-4C2D-9BA6-B6CE6BCF6ED6}"
EndProject
Project("{9A19103F-16F7-4668-BE54-9A1E7A4F7556}") = "Api.Domain", "Api.Domain\Api.Domain.csproj", "{1DA25970-013E-4D9B-8B33-2ACD9087FAF3}"
EndProject
Project("{9A19103F-16F7-4668-BE54-9A1E7A4F7556}") = "Api.Application", "Api.Application\Api.Application.csproj", "{49E7F873-C932-4B00-B37D-88BDABE851AD}"
EndProject
Project("{9A19103F-16F7-4668-BE54-9A1E7A4F7556}") = "Api.Infrastructure", "Api.Infrastructure\Api.Infrastructure.csproj", "{C08AC244-3E82-45F9-836E-37BE60BA0520}"
EndProject
Project("{2150E333-8FDC-42A3-9474-1A3956D46DE8}") = "Solution Items", "Solution Items", "{CCF9C199-3B7C-48DF-9479-6872B5F5A9BE}"
	ProjectSection(SolutionItems) = preProject
		..\Src_2\.gitattributes = ..\Src_2\.gitattributes
		.gitignore = .gitignore
		main.yml = main.yml
	EndProjectSection
EndProject
Project("{E53339B2-1760-4266-BCC7-CA923CBCF16C}") = "docker-compose", "docker-compose.dcproj", "{B65C1097-97A2-43BE-8BE8-D54251A30AFB}"
EndProject
Project("{2150E333-8FDC-42A3-9474-1A3956D46DE8}") = "Test", "Test", "{E175ACE4-A00C-463D-A16A-F9512EBE13FE}"
EndProject
Project("{9A19103F-16F7-4668-BE54-9A1E7A4F7556}") = "Api.Domain.UnitTest", "Api.Domain.UnitTest\Api.Domain.UnitTest.csproj", "{57FE8340-B3EC-4DC1-801D-B60A667E2E87}"
EndProject
Project("{9A19103F-16F7-4668-BE54-9A1E7A4F7556}") = "Api.Core.Common", "Api.Core.Common\Api.Core.Common.csproj", "{0EA7AA25-68C2-4974-9BBB-45298EDF2609}"
EndProject
Project("{9A19103F-16F7-4668-BE54-9A1E7A4F7556}") = "Api.FileService", "Api.FileService\Api.FileService.csproj", "{1BF9842A-08D1-458B-8538-5BA2DDFA432B}"
EndProject
Project("{FAE04EC0-301F-11D3-BF4B-00C04F79EFBC}") = "Api.Application.UnitTests", "Api.Application.UnitTests\Api.Application.UnitTests.csproj", "{D1E36F1C-461B-4E27-986D-DE7C7A9E59F1}"
EndProject
Global
	GlobalSection(SolutionConfigurationPlatforms) = preSolution
		Debug|Any CPU = Debug|Any CPU
		Release|Any CPU = Release|Any CPU
	EndGlobalSection
	GlobalSection(ProjectConfigurationPlatforms) = postSolution
		{44398EB7-22F3-4C2D-9BA6-B6CE6BCF6ED6}.Debug|Any CPU.ActiveCfg = Debug|Any CPU
		{44398EB7-22F3-4C2D-9BA6-B6CE6BCF6ED6}.Debug|Any CPU.Build.0 = Debug|Any CPU
		{44398EB7-22F3-4C2D-9BA6-B6CE6BCF6ED6}.Release|Any CPU.ActiveCfg = Release|Any CPU
		{44398EB7-22F3-4C2D-9BA6-B6CE6BCF6ED6}.Release|Any CPU.Build.0 = Release|Any CPU
		{1DA25970-013E-4D9B-8B33-2ACD9087FAF3}.Debug|Any CPU.ActiveCfg = Debug|Any CPU
		{1DA25970-013E-4D9B-8B33-2ACD9087FAF3}.Debug|Any CPU.Build.0 = Debug|Any CPU
		{1DA25970-013E-4D9B-8B33-2ACD9087FAF3}.Release|Any CPU.ActiveCfg = Release|Any CPU
		{1DA25970-013E-4D9B-8B33-2ACD9087FAF3}.Release|Any CPU.Build.0 = Release|Any CPU
		{49E7F873-C932-4B00-B37D-88BDABE851AD}.Debug|Any CPU.ActiveCfg = Debug|Any CPU
		{49E7F873-C932-4B00-B37D-88BDABE851AD}.Debug|Any CPU.Build.0 = Debug|Any CPU
		{49E7F873-C932-4B00-B37D-88BDABE851AD}.Release|Any CPU.ActiveCfg = Release|Any CPU
		{49E7F873-C932-4B00-B37D-88BDABE851AD}.Release|Any CPU.Build.0 = Release|Any CPU
		{C08AC244-3E82-45F9-836E-37BE60BA0520}.Debug|Any CPU.ActiveCfg = Debug|Any CPU
		{C08AC244-3E82-45F9-836E-37BE60BA0520}.Debug|Any CPU.Build.0 = Debug|Any CPU
		{C08AC244-3E82-45F9-836E-37BE60BA0520}.Release|Any CPU.ActiveCfg = Release|Any CPU
		{C08AC244-3E82-45F9-836E-37BE60BA0520}.Release|Any CPU.Build.0 = Release|Any CPU
		{B65C1097-97A2-43BE-8BE8-D54251A30AFB}.Debug|Any CPU.ActiveCfg = Debug|Any CPU
		{B65C1097-97A2-43BE-8BE8-D54251A30AFB}.Debug|Any CPU.Build.0 = Debug|Any CPU
		{B65C1097-97A2-43BE-8BE8-D54251A30AFB}.Release|Any CPU.ActiveCfg = Release|Any CPU
		{B65C1097-97A2-43BE-8BE8-D54251A30AFB}.Release|Any CPU.Build.0 = Release|Any CPU
		{57FE8340-B3EC-4DC1-801D-B60A667E2E87}.Debug|Any CPU.ActiveCfg = Debug|Any CPU
		{57FE8340-B3EC-4DC1-801D-B60A667E2E87}.Debug|Any CPU.Build.0 = Debug|Any CPU
		{57FE8340-B3EC-4DC1-801D-B60A667E2E87}.Release|Any CPU.ActiveCfg = Release|Any CPU
		{57FE8340-B3EC-4DC1-801D-B60A667E2E87}.Release|Any CPU.Build.0 = Release|Any CPU
		{0EA7AA25-68C2-4974-9BBB-45298EDF2609}.Debug|Any CPU.ActiveCfg = Debug|Any CPU
		{0EA7AA25-68C2-4974-9BBB-45298EDF2609}.Debug|Any CPU.Build.0 = Debug|Any CPU
		{0EA7AA25-68C2-4974-9BBB-45298EDF2609}.Release|Any CPU.ActiveCfg = Release|Any CPU
		{0EA7AA25-68C2-4974-9BBB-45298EDF2609}.Release|Any CPU.Build.0 = Release|Any CPU
		{1BF9842A-08D1-458B-8538-5BA2DDFA432B}.Debug|Any CPU.ActiveCfg = Debug|Any CPU
		{1BF9842A-08D1-458B-8538-5BA2DDFA432B}.Debug|Any CPU.Build.0 = Debug|Any CPU
		{1BF9842A-08D1-458B-8538-5BA2DDFA432B}.Release|Any CPU.ActiveCfg = Release|Any CPU
		{1BF9842A-08D1-458B-8538-5BA2DDFA432B}.Release|Any CPU.Build.0 = Release|Any CPU
		{D1E36F1C-461B-4E27-986D-DE7C7A9E59F1}.Debug|Any CPU.ActiveCfg = Debug|Any CPU
		{D1E36F1C-461B-4E27-986D-DE7C7A9E59F1}.Debug|Any CPU.Build.0 = Debug|Any CPU
		{D1E36F1C-461B-4E27-986D-DE7C7A9E59F1}.Release|Any CPU.ActiveCfg = Release|Any CPU
		{D1E36F1C-461B-4E27-986D-DE7C7A9E59F1}.Release|Any CPU.Build.0 = Release|Any CPU
	EndGlobalSection
	GlobalSection(SolutionProperties) = preSolution
		HideSolutionNode = FALSE
	EndGlobalSection
	GlobalSection(NestedProjects) = preSolution
		{57FE8340-B3EC-4DC1-801D-B60A667E2E87} = {E175ACE4-A00C-463D-A16A-F9512EBE13FE}
		{D1E36F1C-461B-4E27-986D-DE7C7A9E59F1} = {E175ACE4-A00C-463D-A16A-F9512EBE13FE}
	EndGlobalSection
	GlobalSection(ExtensibilityGlobals) = postSolution
		SolutionGuid = {942562FB-4B59-4FCE-818F-E164DD10B475}
	EndGlobalSection
EndGlobal
